
Microsoft Visual Studio Solution File, Format Version 12.00
# Visual Studio Version 17
VisualStudioVersion = 17.9.34728.123
MinimumVisualStudioVersion = 10.0.40219.1
Project("{9A19103F-16F7-4668-BE54-9A1E7A4F7556}") = "APIAndreVeiculosMicrosservicos.Customer", "5by5-ProjAndreVeiculosMicrosservicos\APIAndreVeiculosMicrosservicos.Customer.csproj", "{D9E4C379-B92F-419C-9464-7F7CCFBFA2DA}"
EndProject
Project("{9A19103F-16F7-4668-BE54-9A1E7A4F7556}") = "Models", "Models\Models.csproj", "{13A7A423-294A-4ACD-83D8-7A5A2F120BB5}"
EndProject
Project("{9A19103F-16F7-4668-BE54-9A1E7A4F7556}") = "Repositories", "Repositories\Repositories.csproj", "{D6DA8C32-B90B-4100-AE4A-761AF2CCF927}"
EndProject
Project("{9A19103F-16F7-4668-BE54-9A1E7A4F7556}") = "Services", "Services\Services.csproj", "{27710F3B-5CA1-4F13-A89B-27C5CA306A1F}"
EndProject
Project("{9A19103F-16F7-4668-BE54-9A1E7A4F7556}") = "APIAndreVeiculosMicrosservicos.Employee", "ProjAndreVeiculosMicrosservicos.Employee\APIAndreVeiculosMicrosservicos.Employee.csproj", "{5271A544-61BA-4FF3-BBBC-72DE73FDD1EC}"
EndProject
Project("{9A19103F-16F7-4668-BE54-9A1E7A4F7556}") = "APIAndreVeiculosMicrosservicos.Payment", "ProjAndreVeiculosMicrosservicos.Payment\APIAndreVeiculosMicrosservicos.Payment.csproj", "{6EF2577E-C8ED-4845-B73B-4400A01B7859}"
EndProject
Project("{9A19103F-16F7-4668-BE54-9A1E7A4F7556}") = "APIAndreVeiculosMicrosservicos.Job", "ProjAndreVeiculosMicrosservicos.Job\APIAndreVeiculosMicrosservicos.Job.csproj", "{8F2D3A14-C76E-4E60-A79B-E31913F49430}"
EndProject
Project("{9A19103F-16F7-4668-BE54-9A1E7A4F7556}") = "APIAndreVeiculosMicrosservicos.Car", "ProjAndreVeiculosMicrosservicos.Car\APIAndreVeiculosMicrosservicos.Car.csproj", "{ECDBE71D-0784-4EBD-A293-3D9402FB354F}"
EndProject
Project("{9A19103F-16F7-4668-BE54-9A1E7A4F7556}") = "APIAndreVeiculosMicrosservicos.CarJob", "ProjAndreVeiculosMicrosservicos.CarJob\APIAndreVeiculosMicrosservicos.CarJob.csproj", "{F9F705D7-BEB7-4C0D-9E7F-C780BF3D1DB0}"
EndProject
Project("{9A19103F-16F7-4668-BE54-9A1E7A4F7556}") = "APIAndreVeiculosMicrosservicos.Sale", "ProjAndreVeiculosMicrosservicos.Sale\APIAndreVeiculosMicrosservicos.Sale.csproj", "{E301A344-27AD-4BB3-96EC-E89780F360AC}"
EndProject
Project("{9A19103F-16F7-4668-BE54-9A1E7A4F7556}") = "APIAndreVeiculosMicrosservicos.Purchase", "ProjAndreVeiculosMicrosservicos.Purchase\APIAndreVeiculosMicrosservicos.Purchase.csproj", "{7AD8D55C-2B24-4650-AF1F-94573C53AF3F}"
EndProject
Project("{9A19103F-16F7-4668-BE54-9A1E7A4F7556}") = "APIAndreVeiculosMicrosservicos.Adress", "APIAndreVeiculosMicrosservicos.Adress\APIAndreVeiculosMicrosservicos.Adress.csproj", "{67639F17-C439-4388-81CE-D879F2A8BAAA}"
EndProject
Project("{9A19103F-16F7-4668-BE54-9A1E7A4F7556}") = "ProjAndreVeiculosMicrosservicos.AcceptUseTerms", "ProjAndreVeiculosMicrosservicos.AcceptUseTerms\ProjAndreVeiculosMicrosservicos.AcceptUseTerms.csproj", "{9E471D90-5148-4664-8289-583562596985}"
EndProject
Project("{9A19103F-16F7-4668-BE54-9A1E7A4F7556}") = "ProjAndreVeiculosMicrosservicos.Bank", "ProjAndreVeiculosMicrosservicos.Bank\ProjAndreVeiculosMicrosservicos.Bank.csproj", "{113BA02A-8662-4B72-A2CC-5D2AD5FE48E9}"
EndProject
Project("{9A19103F-16F7-4668-BE54-9A1E7A4F7556}") = "ProjAndreVeiculosMicrosserv.FinancialPending", "ProjAndreVeiculosMicrosserv.FinancialPending\ProjAndreVeiculosMicrosserv.FinancialPending.csproj", "{90864502-F351-467E-9A26-8DF5B7C0A1D5}"
EndProject
Project("{9A19103F-16F7-4668-BE54-9A1E7A4F7556}") = "ProjAndreVeiculosMicrosservicos.Driver", "ProjAndreVeiculosMicrosservicos.Driver\ProjAndreVeiculosMicrosservicos.Driver.csproj", "{8E396CC1-ED98-4580-B046-58C7AAD4CCDE}"
EndProject
Project("{9A19103F-16F7-4668-BE54-9A1E7A4F7556}") = "ProjAndreVeiculosMicrosservicos.Financing", "ProjAndreVeiculosMicrosservicos.Financing\ProjAndreVeiculosMicrosservicos.Financing.csproj", "{CDDEDE3C-F113-45E7-91D7-CD20F77FB3CF}"
EndProject
Project("{9A19103F-16F7-4668-BE54-9A1E7A4F7556}") = "ProjAndreVeiculosMicrosservicos.Insurance", "ProjAndreVeiculosMicrosservicos.Isurance\ProjAndreVeiculosMicrosservicos.Insurance.csproj", "{0FEFA4B0-6880-4608-9FB4-D58F6643CEDB}"
EndProject
Project("{9A19103F-16F7-4668-BE54-9A1E7A4F7556}") = "ProjAndreVeiculosMicrosservicos.Dependent", "ProjAndreVeiculosMicrosservicos.Dependent\ProjAndreVeiculosMicrosservicos.Dependent.csproj", "{1CB1C403-C843-4422-9F82-D9FB2F006CFB}"
EndProject
Project("{9A19103F-16F7-4668-BE54-9A1E7A4F7556}") = "DataApi", "DataApi\DataApi.csproj", "{DB3F5FE6-DF1E-4513-945C-0052C1D33E72}"
EndProject
Global
	GlobalSection(SolutionConfigurationPlatforms) = preSolution
		Debug|Any CPU = Debug|Any CPU
		Release|Any CPU = Release|Any CPU
	EndGlobalSection
	GlobalSection(ProjectConfigurationPlatforms) = postSolution
		{D9E4C379-B92F-419C-9464-7F7CCFBFA2DA}.Debug|Any CPU.ActiveCfg = Debug|Any CPU
		{D9E4C379-B92F-419C-9464-7F7CCFBFA2DA}.Debug|Any CPU.Build.0 = Debug|Any CPU
		{D9E4C379-B92F-419C-9464-7F7CCFBFA2DA}.Release|Any CPU.ActiveCfg = Release|Any CPU
		{D9E4C379-B92F-419C-9464-7F7CCFBFA2DA}.Release|Any CPU.Build.0 = Release|Any CPU
		{13A7A423-294A-4ACD-83D8-7A5A2F120BB5}.Debug|Any CPU.ActiveCfg = Debug|Any CPU
		{13A7A423-294A-4ACD-83D8-7A5A2F120BB5}.Debug|Any CPU.Build.0 = Debug|Any CPU
		{13A7A423-294A-4ACD-83D8-7A5A2F120BB5}.Release|Any CPU.ActiveCfg = Release|Any CPU
		{13A7A423-294A-4ACD-83D8-7A5A2F120BB5}.Release|Any CPU.Build.0 = Release|Any CPU
		{D6DA8C32-B90B-4100-AE4A-761AF2CCF927}.Debug|Any CPU.ActiveCfg = Debug|Any CPU
		{D6DA8C32-B90B-4100-AE4A-761AF2CCF927}.Debug|Any CPU.Build.0 = Debug|Any CPU
		{D6DA8C32-B90B-4100-AE4A-761AF2CCF927}.Release|Any CPU.ActiveCfg = Release|Any CPU
		{D6DA8C32-B90B-4100-AE4A-761AF2CCF927}.Release|Any CPU.Build.0 = Release|Any CPU
		{27710F3B-5CA1-4F13-A89B-27C5CA306A1F}.Debug|Any CPU.ActiveCfg = Debug|Any CPU
		{27710F3B-5CA1-4F13-A89B-27C5CA306A1F}.Debug|Any CPU.Build.0 = Debug|Any CPU
		{27710F3B-5CA1-4F13-A89B-27C5CA306A1F}.Release|Any CPU.ActiveCfg = Release|Any CPU
		{27710F3B-5CA1-4F13-A89B-27C5CA306A1F}.Release|Any CPU.Build.0 = Release|Any CPU
		{5271A544-61BA-4FF3-BBBC-72DE73FDD1EC}.Debug|Any CPU.ActiveCfg = Debug|Any CPU
		{5271A544-61BA-4FF3-BBBC-72DE73FDD1EC}.Debug|Any CPU.Build.0 = Debug|Any CPU
		{5271A544-61BA-4FF3-BBBC-72DE73FDD1EC}.Release|Any CPU.ActiveCfg = Release|Any CPU
		{5271A544-61BA-4FF3-BBBC-72DE73FDD1EC}.Release|Any CPU.Build.0 = Release|Any CPU
		{6EF2577E-C8ED-4845-B73B-4400A01B7859}.Debug|Any CPU.ActiveCfg = Debug|Any CPU
		{6EF2577E-C8ED-4845-B73B-4400A01B7859}.Debug|Any CPU.Build.0 = Debug|Any CPU
		{6EF2577E-C8ED-4845-B73B-4400A01B7859}.Release|Any CPU.ActiveCfg = Release|Any CPU
		{6EF2577E-C8ED-4845-B73B-4400A01B7859}.Release|Any CPU.Build.0 = Release|Any CPU
		{8F2D3A14-C76E-4E60-A79B-E31913F49430}.Debug|Any CPU.ActiveCfg = Debug|Any CPU
		{8F2D3A14-C76E-4E60-A79B-E31913F49430}.Debug|Any CPU.Build.0 = Debug|Any CPU
		{8F2D3A14-C76E-4E60-A79B-E31913F49430}.Release|Any CPU.ActiveCfg = Release|Any CPU
		{8F2D3A14-C76E-4E60-A79B-E31913F49430}.Release|Any CPU.Build.0 = Release|Any CPU
		{ECDBE71D-0784-4EBD-A293-3D9402FB354F}.Debug|Any CPU.ActiveCfg = Debug|Any CPU
		{ECDBE71D-0784-4EBD-A293-3D9402FB354F}.Debug|Any CPU.Build.0 = Debug|Any CPU
		{ECDBE71D-0784-4EBD-A293-3D9402FB354F}.Release|Any CPU.ActiveCfg = Release|Any CPU
		{ECDBE71D-0784-4EBD-A293-3D9402FB354F}.Release|Any CPU.Build.0 = Release|Any CPU
		{F9F705D7-BEB7-4C0D-9E7F-C780BF3D1DB0}.Debug|Any CPU.ActiveCfg = Debug|Any CPU
		{F9F705D7-BEB7-4C0D-9E7F-C780BF3D1DB0}.Debug|Any CPU.Build.0 = Debug|Any CPU
		{F9F705D7-BEB7-4C0D-9E7F-C780BF3D1DB0}.Release|Any CPU.ActiveCfg = Release|Any CPU
		{F9F705D7-BEB7-4C0D-9E7F-C780BF3D1DB0}.Release|Any CPU.Build.0 = Release|Any CPU
		{E301A344-27AD-4BB3-96EC-E89780F360AC}.Debug|Any CPU.ActiveCfg = Debug|Any CPU
		{E301A344-27AD-4BB3-96EC-E89780F360AC}.Debug|Any CPU.Build.0 = Debug|Any CPU
		{E301A344-27AD-4BB3-96EC-E89780F360AC}.Release|Any CPU.ActiveCfg = Release|Any CPU
		{E301A344-27AD-4BB3-96EC-E89780F360AC}.Release|Any CPU.Build.0 = Release|Any CPU
		{7AD8D55C-2B24-4650-AF1F-94573C53AF3F}.Debug|Any CPU.ActiveCfg = Debug|Any CPU
		{7AD8D55C-2B24-4650-AF1F-94573C53AF3F}.Debug|Any CPU.Build.0 = Debug|Any CPU
		{7AD8D55C-2B24-4650-AF1F-94573C53AF3F}.Release|Any CPU.ActiveCfg = Release|Any CPU
		{7AD8D55C-2B24-4650-AF1F-94573C53AF3F}.Release|Any CPU.Build.0 = Release|Any CPU
		{67639F17-C439-4388-81CE-D879F2A8BAAA}.Debug|Any CPU.ActiveCfg = Debug|Any CPU
		{67639F17-C439-4388-81CE-D879F2A8BAAA}.Debug|Any CPU.Build.0 = Debug|Any CPU
		{67639F17-C439-4388-81CE-D879F2A8BAAA}.Release|Any CPU.ActiveCfg = Release|Any CPU
		{67639F17-C439-4388-81CE-D879F2A8BAAA}.Release|Any CPU.Build.0 = Release|Any CPU
		{9E471D90-5148-4664-8289-583562596985}.Debug|Any CPU.ActiveCfg = Debug|Any CPU
		{9E471D90-5148-4664-8289-583562596985}.Debug|Any CPU.Build.0 = Debug|Any CPU
		{9E471D90-5148-4664-8289-583562596985}.Release|Any CPU.ActiveCfg = Release|Any CPU
		{9E471D90-5148-4664-8289-583562596985}.Release|Any CPU.Build.0 = Release|Any CPU
		{113BA02A-8662-4B72-A2CC-5D2AD5FE48E9}.Debug|Any CPU.ActiveCfg = Debug|Any CPU
		{113BA02A-8662-4B72-A2CC-5D2AD5FE48E9}.Debug|Any CPU.Build.0 = Debug|Any CPU
		{113BA02A-8662-4B72-A2CC-5D2AD5FE48E9}.Release|Any CPU.ActiveCfg = Release|Any CPU
		{113BA02A-8662-4B72-A2CC-5D2AD5FE48E9}.Release|Any CPU.Build.0 = Release|Any CPU
		{90864502-F351-467E-9A26-8DF5B7C0A1D5}.Debug|Any CPU.ActiveCfg = Debug|Any CPU
		{90864502-F351-467E-9A26-8DF5B7C0A1D5}.Debug|Any CPU.Build.0 = Debug|Any CPU
		{90864502-F351-467E-9A26-8DF5B7C0A1D5}.Release|Any CPU.ActiveCfg = Release|Any CPU
		{90864502-F351-467E-9A26-8DF5B7C0A1D5}.Release|Any CPU.Build.0 = Release|Any CPU
		{8E396CC1-ED98-4580-B046-58C7AAD4CCDE}.Debug|Any CPU.ActiveCfg = Debug|Any CPU
		{8E396CC1-ED98-4580-B046-58C7AAD4CCDE}.Debug|Any CPU.Build.0 = Debug|Any CPU
		{8E396CC1-ED98-4580-B046-58C7AAD4CCDE}.Release|Any CPU.ActiveCfg = Release|Any CPU
		{8E396CC1-ED98-4580-B046-58C7AAD4CCDE}.Release|Any CPU.Build.0 = Release|Any CPU
		{CDDEDE3C-F113-45E7-91D7-CD20F77FB3CF}.Debug|Any CPU.ActiveCfg = Debug|Any CPU
		{CDDEDE3C-F113-45E7-91D7-CD20F77FB3CF}.Debug|Any CPU.Build.0 = Debug|Any CPU
		{CDDEDE3C-F113-45E7-91D7-CD20F77FB3CF}.Release|Any CPU.ActiveCfg = Release|Any CPU
		{CDDEDE3C-F113-45E7-91D7-CD20F77FB3CF}.Release|Any CPU.Build.0 = Release|Any CPU
		{0FEFA4B0-6880-4608-9FB4-D58F6643CEDB}.Debug|Any CPU.ActiveCfg = Debug|Any CPU
		{0FEFA4B0-6880-4608-9FB4-D58F6643CEDB}.Debug|Any CPU.Build.0 = Debug|Any CPU
		{0FEFA4B0-6880-4608-9FB4-D58F6643CEDB}.Release|Any CPU.ActiveCfg = Release|Any CPU
		{0FEFA4B0-6880-4608-9FB4-D58F6643CEDB}.Release|Any CPU.Build.0 = Release|Any CPU
		{1CB1C403-C843-4422-9F82-D9FB2F006CFB}.Debug|Any CPU.ActiveCfg = Debug|Any CPU
		{1CB1C403-C843-4422-9F82-D9FB2F006CFB}.Debug|Any CPU.Build.0 = Debug|Any CPU
		{1CB1C403-C843-4422-9F82-D9FB2F006CFB}.Release|Any CPU.ActiveCfg = Release|Any CPU
		{1CB1C403-C843-4422-9F82-D9FB2F006CFB}.Release|Any CPU.Build.0 = Release|Any CPU
		{DB3F5FE6-DF1E-4513-945C-0052C1D33E72}.Debug|Any CPU.ActiveCfg = Debug|Any CPU
		{DB3F5FE6-DF1E-4513-945C-0052C1D33E72}.Debug|Any CPU.Build.0 = Debug|Any CPU
		{DB3F5FE6-DF1E-4513-945C-0052C1D33E72}.Release|Any CPU.ActiveCfg = Release|Any CPU
		{DB3F5FE6-DF1E-4513-945C-0052C1D33E72}.Release|Any CPU.Build.0 = Release|Any CPU
	EndGlobalSection
	GlobalSection(SolutionProperties) = preSolution
		HideSolutionNode = FALSE
	EndGlobalSection
	GlobalSection(ExtensibilityGlobals) = postSolution
		SolutionGuid = {1F984436-EE81-4AB0-B031-263CBB443CD1}
	EndGlobalSection
EndGlobal
